
Microsoft Visual Studio Solution File, Format Version 12.00
# Visual Studio Version 16
VisualStudioVersion = 16.0.31702.278
MinimumVisualStudioVersion = 10.0.40219.1
Project("{FAE04EC0-301F-11D3-BF4B-00C04F79EFBC}") = "Github-VS", "Github-VS\Github-VS.csproj", "{C6D83957-4B1F-441F-90F5-ECED19E1B32F}"
EndProject
Global
	GlobalSection(SolutionConfigurationPlatforms) = preSolution
		Debug|Any CPU = Debug|Any CPU
		Release|Any CPU = Release|Any CPU
	EndGlobalSection
	GlobalSection(ProjectConfigurationPlatforms) = postSolution
		{C6D83957-4B1F-441F-90F5-ECED19E1B32F}.Debug|Any CPU.ActiveCfg = Debug|Any CPU
		{C6D83957-4B1F-441F-90F5-ECED19E1B32F}.Debug|Any CPU.Build.0 = Debug|Any CPU
		{C6D83957-4B1F-441F-90F5-ECED19E1B32F}.Release|Any CPU.ActiveCfg = Release|Any CPU
		{C6D83957-4B1F-441F-90F5-ECED19E1B32F}.Release|Any CPU.Build.0 = Release|Any CPU
	EndGlobalSection
	GlobalSection(SolutionProperties) = preSolution
		HideSolutionNode = FALSE
	EndGlobalSection
	GlobalSection(ExtensibilityGlobals) = postSolution
		SolutionGuid = {0C2657CF-572C-4882-B417-F6D550D66DBE}
	EndGlobalSection
EndGlobal
